
Microsoft Visual Studio Solution File, Format Version 12.00
# Visual Studio Version 16
VisualStudioVersion = 16.0.33130.400
MinimumVisualStudioVersion = 10.0.40219.1
Project("{FAE04EC0-301F-11D3-BF4B-00C04F79EFBC}") = "Mapeador", "Mapeador\Mapeador.csproj", "{448A0147-C531-442E-858B-13014883CAF5}"
EndProject
Project("{FAE04EC0-301F-11D3-BF4B-00C04F79EFBC}") = "Tools", "Tools\Tools.csproj", "{D274DF7F-FCCA-4E4E-9C07-4F16BEF7FC69}"
EndProject
Global
	GlobalSection(SolutionConfigurationPlatforms) = preSolution
		Debug|Any CPU = Debug|Any CPU
		Release|Any CPU = Release|Any CPU
	EndGlobalSection
	GlobalSection(ProjectConfigurationPlatforms) = postSolution
		{448A0147-C531-442E-858B-13014883CAF5}.Debug|Any CPU.ActiveCfg = Debug|Any CPU
		{448A0147-C531-442E-858B-13014883CAF5}.Debug|Any CPU.Build.0 = Debug|Any CPU
		{448A0147-C531-442E-858B-13014883CAF5}.Release|Any CPU.ActiveCfg = Release|Any CPU
		{448A0147-C531-442E-858B-13014883CAF5}.Release|Any CPU.Build.0 = Release|Any CPU
		{D274DF7F-FCCA-4E4E-9C07-4F16BEF7FC69}.Debug|Any CPU.ActiveCfg = Debug|Any CPU
		{D274DF7F-FCCA-4E4E-9C07-4F16BEF7FC69}.Debug|Any CPU.Build.0 = Debug|Any CPU
		{D274DF7F-FCCA-4E4E-9C07-4F16BEF7FC69}.Release|Any CPU.ActiveCfg = Release|Any CPU
		{D274DF7F-FCCA-4E4E-9C07-4F16BEF7FC69}.Release|Any CPU.Build.0 = Release|Any CPU
	EndGlobalSection
	GlobalSection(SolutionProperties) = preSolution
		HideSolutionNode = FALSE
	EndGlobalSection
	GlobalSection(ExtensibilityGlobals) = postSolution
		SolutionGuid = {A923D11D-208A-420F-95AD-5D2295CD09E0}
	EndGlobalSection
EndGlobal
